// !$*UTF8*$!
{
	archiveVersion = 1;
	classes = {
	};
	objectVersion = 50;
	objects = {

/* Begin PBXBuildFile section */
		A688330F25E158ED0047477D /* SongBrowserApp.swift in Sources */ = {isa = PBXBuildFile; fileRef = A688330E25E158ED0047477D /* SongBrowserApp.swift */; };
		A688331125E158ED0047477D /* ContentView.swift in Sources */ = {isa = PBXBuildFile; fileRef = A688331025E158ED0047477D /* ContentView.swift */; };
		A688331325E158F80047477D /* Assets.xcassets in Resources */ = {isa = PBXBuildFile; fileRef = A688331225E158F80047477D /* Assets.xcassets */; };
		A688331625E158F80047477D /* Preview Assets.xcassets in Resources */ = {isa = PBXBuildFile; fileRef = A688331525E158F80047477D /* Preview Assets.xcassets */; };
		A688331F25E159B20047477D /* SearchBarView.swift in Sources */ = {isa = PBXBuildFile; fileRef = A688331E25E159B20047477D /* SearchBarView.swift */; };
		A688332425E15E150047477D /* Song.swift in Sources */ = {isa = PBXBuildFile; fileRef = A688332325E15E150047477D /* Song.swift */; };
		A688332825E15E9D0047477D /* SearchResult.swift in Sources */ = {isa = PBXBuildFile; fileRef = A688332725E15E9D0047477D /* SearchResult.swift */; };
/* End PBXBuildFile section */

/* Begin PBXFileReference section */
		A688330B25E158ED0047477D /* SongBrowser.app */ = {isa = PBXFileReference; explicitFileType = wrapper.application; includeInIndex = 0; path = SongBrowser.app; sourceTree = BUILT_PRODUCTS_DIR; };
		A688330E25E158ED0047477D /* SongBrowserApp.swift */ = {isa = PBXFileReference; lastKnownFileType = sourcecode.swift; path = SongBrowserApp.swift; sourceTree = "<group>"; };
		A688331025E158ED0047477D /* ContentView.swift */ = {isa = PBXFileReference; lastKnownFileType = sourcecode.swift; path = ContentView.swift; sourceTree = "<group>"; };
		A688331225E158F80047477D /* Assets.xcassets */ = {isa = PBXFileReference; lastKnownFileType = folder.assetcatalog; path = Assets.xcassets; sourceTree = "<group>"; };
		A688331525E158F80047477D /* Preview Assets.xcassets */ = {isa = PBXFileReference; lastKnownFileType = folder.assetcatalog; path = "Preview Assets.xcassets"; sourceTree = "<group>"; };
		A688331725E158F80047477D /* Info.plist */ = {isa = PBXFileReference; lastKnownFileType = text.plist.xml; path = Info.plist; sourceTree = "<group>"; };
		A688331E25E159B20047477D /* SearchBarView.swift */ = {isa = PBXFileReference; lastKnownFileType = sourcecode.swift; path = SearchBarView.swift; sourceTree = "<group>"; };
		A688332325E15E150047477D /* Song.swift */ = {isa = PBXFileReference; lastKnownFileType = sourcecode.swift; path = Song.swift; sourceTree = "<group>"; };
		A688332725E15E9D0047477D /* SearchResult.swift */ = {isa = PBXFileReference; lastKnownFileType = sourcecode.swift; path = SearchResult.swift; sourceTree = "<group>"; };
/* End PBXFileReference section */

/* Begin PBXFrameworksBuildPhase section */
		A688330825E158ED0047477D /* Frameworks */ = {
			isa = PBXFrameworksBuildPhase;
			buildActionMask = 2147483647;
			files = (
			);
			runOnlyForDeploymentPostprocessing = 0;
		};
/* End PBXFrameworksBuildPhase section */

/* Begin PBXGroup section */
		A688330225E158EC0047477D = {
			isa = PBXGroup;
			children = (
				A688330D25E158ED0047477D /* SongBrowser */,
				A688330C25E158ED0047477D /* Products */,
			);
			sourceTree = "<group>";
		};
		A688330C25E158ED0047477D /* Products */ = {
			isa = PBXGroup;
			children = (
				A688330B25E158ED0047477D /* SongBrowser.app */,
			);
			name = Products;
			sourceTree = "<group>";
		};
		A688330D25E158ED0047477D /* SongBrowser */ = {
			isa = PBXGroup;
			children = (
				A688330E25E158ED0047477D /* SongBrowserApp.swift */,
				A688332125E15DC40047477D /* Views */,
				A688332225E15DE00047477D /* Models */,
				A688331225E158F80047477D /* Assets.xcassets */,
				A688331725E158F80047477D /* Info.plist */,
				A688331425E158F80047477D /* Preview Content */,
			);
			path = SongBrowser;
			sourceTree = "<group>";
		};
		A688331425E158F80047477D /* Preview Content */ = {
			isa = PBXGroup;
			children = (
				A688331525E158F80047477D /* Preview Assets.xcassets */,
			);
			path = "Preview Content";
			sourceTree = "<group>";
		};
		A688332125E15DC40047477D /* Views */ = {
			isa = PBXGroup;
			children = (
				A688331025E158ED0047477D /* ContentView.swift */,
				A688331E25E159B20047477D /* SearchBarView.swift */,
			);
			path = Views;
			sourceTree = "<group>";
		};
		A688332225E15DE00047477D /* Models */ = {
			isa = PBXGroup;
			children = (
				A688332325E15E150047477D /* Song.swift */,
				A688332725E15E9D0047477D /* SearchResult.swift */,
			);
			path = Models;
			sourceTree = "<group>";
		};
/* End PBXGroup section */

/* Begin PBXNativeTarget section */
		A688330A25E158ED0047477D /* SongBrowser */ = {
			isa = PBXNativeTarget;
			buildConfigurationList = A688331A25E158F80047477D /* Build configuration list for PBXNativeTarget "SongBrowser" */;
			buildPhases = (
				A688330725E158ED0047477D /* Sources */,
				A688330825E158ED0047477D /* Frameworks */,
				A688330925E158ED0047477D /* Resources */,
			);
			buildRules = (
			);
			dependencies = (
			);
			name = SongBrowser;
			productName = SongBrowser;
			productReference = A688330B25E158ED0047477D /* SongBrowser.app */;
			productType = "com.apple.product-type.application";
		};
/* End PBXNativeTarget section */

/* Begin PBXProject section */
		A688330325E158EC0047477D /* Project object */ = {
			isa = PBXProject;
			attributes = {
				LastSwiftUpdateCheck = 1240;
				LastUpgradeCheck = 1240;
				TargetAttributes = {
					A688330A25E158ED0047477D = {
						CreatedOnToolsVersion = 12.4;
					};
				};
			};
			buildConfigurationList = A688330625E158EC0047477D /* Build configuration list for PBXProject "SongBrowser" */;
			compatibilityVersion = "Xcode 9.3";
			developmentRegion = en;
			hasScannedForEncodings = 0;
			knownRegions = (
				en,
				Base,
			);
			mainGroup = A688330225E158EC0047477D;
			productRefGroup = A688330C25E158ED0047477D /* Products */;
			projectDirPath = "";
			projectRoot = "";
			targets = (
				A688330A25E158ED0047477D /* SongBrowser */,
			);
		};
/* End PBXProject section */

/* Begin PBXResourcesBuildPhase section */
		A688330925E158ED0047477D /* Resources */ = {
			isa = PBXResourcesBuildPhase;
			buildActionMask = 2147483647;
			files = (
				A688331625E158F80047477D /* Preview Assets.xcassets in Resources */,
				A688331325E158F80047477D /* Assets.xcassets in Resources */,
			);
			runOnlyForDeploymentPostprocessing = 0;
		};
/* End PBXResourcesBuildPhase section */

/* Begin PBXSourcesBuildPhase section */
		A688330725E158ED0047477D /* Sources */ = {
			isa = PBXSourcesBuildPhase;
			buildActionMask = 2147483647;
			files = (
				A688332425E15E150047477D /* Song.swift in Sources */,
				A688331125E158ED0047477D /* ContentView.swift in Sources */,
				A688332825E15E9D0047477D /* SearchResult.swift in Sources */,
				A688331F25E159B20047477D /* SearchBarView.swift in Sources */,
				A688330F25E158ED0047477D /* SongBrowserApp.swift in Sources */,
			);
			runOnlyForDeploymentPostprocessing = 0;
		};
/* End PBXSourcesBuildPhase section */

/* Begin XCBuildConfiguration section */
		A688331825E158F80047477D /* Debug */ = {
			isa = XCBuildConfiguration;
			buildSettings = {
				ALWAYS_SEARCH_USER_PATHS = NO;
				CLANG_ANALYZER_NONNULL = YES;
				CLANG_ANALYZER_NUMBER_OBJECT_CONVERSION = YES_AGGRESSIVE;
				CLANG_CXX_LANGUAGE_STANDARD = "gnu++14";
				CLANG_CXX_LIBRARY = "libc++";
				CLANG_ENABLE_MODULES = YES;
				CLANG_ENABLE_OBJC_ARC = YES;
				CLANG_ENABLE_OBJC_WEAK = YES;
				CLANG_WARN_BLOCK_CAPTURE_AUTORELEASING = YES;
				CLANG_WARN_BOOL_CONVERSION = YES;
				CLANG_WARN_COMMA = YES;
				CLANG_WARN_CONSTANT_CONVERSION = YES;
				CLANG_WARN_DEPRECATED_OBJC_IMPLEMENTATIONS = YES;
				CLANG_WARN_DIRECT_OBJC_ISA_USAGE = YES_ERROR;
				CLANG_WARN_DOCUMENTATION_COMMENTS = YES;
				CLANG_WARN_EMPTY_BODY = YES;
				CLANG_WARN_ENUM_CONVERSION = YES;
				CLANG_WARN_INFINITE_RECURSION = YES;
				CLANG_WARN_INT_CONVERSION = YES;
				CLANG_WARN_NON_LITERAL_NULL_CONVERSION = YES;
				CLANG_WARN_OBJC_IMPLICIT_RETAIN_SELF = YES;
				CLANG_WARN_OBJC_LITERAL_CONVERSION = YES;
				CLANG_WARN_OBJC_ROOT_CLASS = YES_ERROR;
				CLANG_WARN_QUOTED_INCLUDE_IN_FRAMEWORK_HEADER = YES;
				CLANG_WARN_RANGE_LOOP_ANALYSIS = YES;
				CLANG_WARN_STRICT_PROTOTYPES = YES;
				CLANG_WARN_SUSPICIOUS_MOVE = YES;
				CLANG_WARN_UNGUARDED_AVAILABILITY = YES_AGGRESSIVE;
				CLANG_WARN_UNREACHABLE_CODE = YES;
				CLANG_WARN__DUPLICATE_METHOD_MATCH = YES;
				COPY_PHASE_STRIP = NO;
				DEBUG_INFORMATION_FORMAT = dwarf;
				ENABLE_STRICT_OBJC_MSGSEND = YES;
				ENABLE_TESTABILITY = YES;
				GCC_C_LANGUAGE_STANDARD = gnu11;
				GCC_DYNAMIC_NO_PIC = NO;
				GCC_NO_COMMON_BLOCKS = YES;
				GCC_OPTIMIZATION_LEVEL = 0;
				GCC_PREPROCESSOR_DEFINITIONS = (
					"DEBUG=1",
					"$(inherited)",
				);
				GCC_WARN_64_TO_32_BIT_CONVERSION = YES;
				GCC_WARN_ABOUT_RETURN_TYPE = YES_ERROR;
				GCC_WARN_UNDECLARED_SELECTOR = YES;
				GCC_WARN_UNINITIALIZED_AUTOS = YES_AGGRESSIVE;
				GCC_WARN_UNUSED_FUNCTION = YES;
				GCC_WARN_UNUSED_VARIABLE = YES;
				IPHONEOS_DEPLOYMENT_TARGET = 14.4;
				MTL_ENABLE_DEBUG_INFO = INCLUDE_SOURCE;
				MTL_FAST_MATH = YES;
				ONLY_ACTIVE_ARCH = YES;
				SDKROOT = iphoneos;
				SWIFT_ACTIVE_COMPILATION_CONDITIONS = DEBUG;
				SWIFT_OPTIMIZATION_LEVEL = "-Onone";
			};
			name = Debug;
		};
		A688331925E158F80047477D /* Release */ = {
			isa = XCBuildConfiguration;
			buildSettings = {
				ALWAYS_SEARCH_USER_PATHS = NO;
				CLANG_ANALYZER_NONNULL = YES;
				CLANG_ANALYZER_NUMBER_OBJECT_CONVERSION = YES_AGGRESSIVE;
				CLANG_CXX_LANGUAGE_STANDARD = "gnu++14";
				CLANG_CXX_LIBRARY = "libc++";
				CLANG_ENABLE_MODULES = YES;
				CLANG_ENABLE_OBJC_ARC = YES;
				CLANG_ENABLE_OBJC_WEAK = YES;
				CLANG_WARN_BLOCK_CAPTURE_AUTORELEASING = YES;
				CLANG_WARN_BOOL_CONVERSION = YES;
				CLANG_WARN_COMMA = YES;
				CLANG_WARN_CONSTANT_CONVERSION = YES;
				CLANG_WARN_DEPRECATED_OBJC_IMPLEMENTATIONS = YES;
				CLANG_WARN_DIRECT_OBJC_ISA_USAGE = YES_ERROR;
				CLANG_WARN_DOCUMENTATION_COMMENTS = YES;
				CLANG_WARN_EMPTY_BODY = YES;
				CLANG_WARN_ENUM_CONVERSION = YES;
				CLANG_WARN_INFINITE_RECURSION = YES;
				CLANG_WARN_INT_CONVERSION = YES;
				CLANG_WARN_NON_LITERAL_NULL_CONVERSION = YES;
				CLANG_WARN_OBJC_IMPLICIT_RETAIN_SELF = YES;
				CLANG_WARN_OBJC_LITERAL_CONVERSION = YES;
				CLANG_WARN_OBJC_ROOT_CLASS = YES_ERROR;
				CLANG_WARN_QUOTED_INCLUDE_IN_FRAMEWORK_HEADER = YES;
				CLANG_WARN_RANGE_LOOP_ANALYSIS = YES;
				CLANG_WARN_STRICT_PROTOTYPES = YES;
				CLANG_WARN_SUSPICIOUS_MOVE = YES;
				CLANG_WARN_UNGUARDED_AVAILABILITY = YES_AGGRESSIVE;
				CLANG_WARN_UNREACHABLE_CODE = YES;
				CLANG_WARN__DUPLICATE_METHOD_MATCH = YES;
				COPY_PHASE_STRIP = NO;
				DEBUG_INFORMATION_FORMAT = "dwarf-with-dsym";
				ENABLE_NS_ASSERTIONS = NO;
				ENABLE_STRICT_OBJC_MSGSEND = YES;
				GCC_C_LANGUAGE_STANDARD = gnu11;
				GCC_NO_COMMON_BLOCKS = YES;
				GCC_WARN_64_TO_32_BIT_CONVERSION = YES;
				GCC_WARN_ABOUT_RETURN_TYPE = YES_ERROR;
				GCC_WARN_UNDECLARED_SELECTOR = YES;
				GCC_WARN_UNINITIALIZED_AUTOS = YES_AGGRESSIVE;
				GCC_WARN_UNUSED_FUNCTION = YES;
				GCC_WARN_UNUSED_VARIABLE = YES;
				IPHONEOS_DEPLOYMENT_TARGET = 14.4;
				MTL_ENABLE_DEBUG_INFO = NO;
				MTL_FAST_MATH = YES;
				SDKROOT = iphoneos;
				SWIFT_COMPILATION_MODE = wholemodule;
				SWIFT_OPTIMIZATION_LEVEL = "-O";
				VALIDATE_PRODUCT = YES;
			};
			name = Release;
		};
		A688331B25E158F80047477D /* Debug */ = {
			isa = XCBuildConfiguration;
			buildSettings = {
				ASSETCATALOG_COMPILER_APPICON_NAME = AppIcon;
				ASSETCATALOG_COMPILER_GLOBAL_ACCENT_COLOR_NAME = AccentColor;
				CODE_SIGN_STYLE = Automatic;
				DEVELOPMENT_ASSET_PATHS = "\"SongBrowser/Preview Content\"";
				DEVELOPMENT_TEAM = S2D4LD8KV4;
				ENABLE_PREVIEWS = YES;
				INFOPLIST_FILE = SongBrowser/Info.plist;
				IPHONEOS_DEPLOYMENT_TARGET = 14.0;
				LD_RUNPATH_SEARCH_PATHS = (
					"$(inherited)",
					"@executable_path/Frameworks",
				);
				PRODUCT_BUNDLE_IDENTIFIER = ca.bradleykang.SongBrowser;
				PRODUCT_NAME = "$(TARGET_NAME)";
				SWIFT_VERSION = 5.0;
				TARGETED_DEVICE_FAMILY = "1,2";
			};
			name = Debug;
		};
		A688331C25E158F80047477D /* Release */ = {
			isa = XCBuildConfiguration;
			buildSettings = {
				ASSETCATALOG_COMPILER_APPICON_NAME = AppIcon;
				ASSETCATALOG_COMPILER_GLOBAL_ACCENT_COLOR_NAME = AccentColor;
				CODE_SIGN_STYLE = Automatic;
				DEVELOPMENT_ASSET_PATHS = "\"SongBrowser/Preview Content\"";
				DEVELOPMENT_TEAM = S2D4LD8KV4;
				ENABLE_PREVIEWS = YES;
				INFOPLIST_FILE = SongBrowser/Info.plist;
				IPHONEOS_DEPLOYMENT_TARGET = 14.0;
				LD_RUNPATH_SEARCH_PATHS = (
					"$(inherited)",
					"@executable_path/Frameworks",
				);
				PRODUCT_BUNDLE_IDENTIFIER = ca.bradleykang.SongBrowser;
				PRODUCT_NAME = "$(TARGET_NAME)";
				SWIFT_VERSION = 5.0;
				TARGETED_DEVICE_FAMILY = "1,2";
			};
			name = Release;
		};
/* End XCBuildConfiguration section */

/* Begin XCConfigurationList section */
		A688330625E158EC0047477D /* Build configuration list for PBXProject "SongBrowser" */ = {
			isa = XCConfigurationList;
			buildConfigurations = (
				A688331825E158F80047477D /* Debug */,
				A688331925E158F80047477D /* Release */,
			);
			defaultConfigurationIsVisible = 0;
			defaultConfigurationName = Release;
		};
		A688331A25E158F80047477D /* Build configuration list for PBXNativeTarget "SongBrowser" */ = {
			isa = XCConfigurationList;
			buildConfigurations = (
				A688331B25E158F80047477D /* Debug */,
				A688331C25E158F80047477D /* Release */,
			);
			defaultConfigurationIsVisible = 0;
			defaultConfigurationName = Release;
		};
/* End XCConfigurationList section */
	};
	rootObject = A688330325E158EC0047477D /* Project object */;
}
